{
    "version": 3,
    "terraform_version": "0.9.11",
    "serial": 2,
    "lineage": "dd05d4e6-8237-4498-bbe0-07f66544dff1",
    "modules": [
        {
            "path": [
                "root"
            ],
            "outputs": {},
            "resources": {},
            "depends_on": []
        },
        {
            "path": [
                "root",
                "bastion"
            ],
            "outputs": {
                "security_group_id": {
                    "sensitive": false,
                    "type": "string",
                    "value": "sg-904d7ce8"
                }
            },
            "resources": {
                "aws_security_group.wordpress_bastion_security_group": {
                    "type": "aws_security_group",
                    "depends_on": [],
                    "primary": {
                        "id": "sg-904d7ce8",
                        "attributes": {
                            "description": "Security Group for wordpress_sg_bastion",
                            "egress.#": "1",
                            "egress.482069346.cidr_blocks.#": "1",
                            "egress.482069346.cidr_blocks.0": "0.0.0.0/0",
                            "egress.482069346.from_port": "0",
                            "egress.482069346.ipv6_cidr_blocks.#": "0",
                            "egress.482069346.prefix_list_ids.#": "0",
                            "egress.482069346.protocol": "-1",
                            "egress.482069346.security_groups.#": "0",
                            "egress.482069346.self": "false",
                            "egress.482069346.to_port": "0",
                            "id": "sg-904d7ce8",
                            "ingress.#": "3",
                            "ingress.3472572478.cidr_blocks.#": "0",
                            "ingress.3472572478.from_port": "0",
                            "ingress.3472572478.ipv6_cidr_blocks.#": "0",
                            "ingress.3472572478.protocol": "udp",
                            "ingress.3472572478.security_groups.#": "0",
                            "ingress.3472572478.self": "true",
                            "ingress.3472572478.to_port": "65535",
                            "ingress.3544538468.cidr_blocks.#": "0",
                            "ingress.3544538468.from_port": "0",
                            "ingress.3544538468.ipv6_cidr_blocks.#": "0",
                            "ingress.3544538468.protocol": "tcp",
                            "ingress.3544538468.security_groups.#": "0",
                            "ingress.3544538468.self": "true",
                            "ingress.3544538468.to_port": "65535",
                            "ingress.3988537294.cidr_blocks.#": "2",
                            "ingress.3988537294.cidr_blocks.0": "84.233.151.236/32",
                            "ingress.3988537294.cidr_blocks.1": "202.180.103.198/32",
                            "ingress.3988537294.from_port": "22",
                            "ingress.3988537294.ipv6_cidr_blocks.#": "0",
                            "ingress.3988537294.protocol": "tcp",
                            "ingress.3988537294.security_groups.#": "0",
                            "ingress.3988537294.self": "false",
                            "ingress.3988537294.to_port": "22",
                            "name": "wordpress_sg_bastion",
                            "owner_id": "542677982550",
                            "tags.%": "4",
                            "tags.Env": "POC",
                            "tags.Function": "Bloggin platform using wordpress",
                            "tags.Name": "Bstion server security group",
                            "tags.Team": "Keren",
                            "vpc_id": "vpc-03790464"
                        },
                        "meta": {},
                        "tainted": false
                    },
                    "deposed": [],
                    "provider": ""
                }
            },
            "depends_on": []
        },
        {
            "path": [
                "root",
                "elastic_beanstalk"
            ],
            "outputs": {
                "security_group_id": {
                    "sensitive": false,
                    "type": "string",
                    "value": "sg-b54f7ecd"
                }
            },
            "resources": {
                "aws_security_group.wordpress-app_security_group": {
                    "type": "aws_security_group",
                    "depends_on": [],
                    "primary": {
                        "id": "sg-b54f7ecd",
                        "attributes": {
                            "description": "Security Group for wordpress_elasticbeanstalk_sg",
                            "egress.#": "1",
                            "egress.482069346.cidr_blocks.#": "1",
                            "egress.482069346.cidr_blocks.0": "0.0.0.0/0",
                            "egress.482069346.from_port": "0",
                            "egress.482069346.ipv6_cidr_blocks.#": "0",
                            "egress.482069346.prefix_list_ids.#": "0",
                            "egress.482069346.protocol": "-1",
                            "egress.482069346.security_groups.#": "0",
                            "egress.482069346.self": "false",
                            "egress.482069346.to_port": "0",
                            "id": "sg-b54f7ecd",
                            "ingress.#": "3",
                            "ingress.1487276173.cidr_blocks.#": "0",
                            "ingress.1487276173.from_port": "22",
                            "ingress.1487276173.ipv6_cidr_blocks.#": "0",
                            "ingress.1487276173.protocol": "tcp",
                            "ingress.1487276173.security_groups.#": "1",
                            "ingress.1487276173.security_groups.2594116812": "sg-904d7ce8",
                            "ingress.1487276173.self": "false",
                            "ingress.1487276173.to_port": "22",
                            "ingress.3472572478.cidr_blocks.#": "0",
                            "ingress.3472572478.from_port": "0",
                            "ingress.3472572478.ipv6_cidr_blocks.#": "0",
                            "ingress.3472572478.protocol": "udp",
                            "ingress.3472572478.security_groups.#": "0",
                            "ingress.3472572478.self": "true",
                            "ingress.3472572478.to_port": "65535",
                            "ingress.3544538468.cidr_blocks.#": "0",
                            "ingress.3544538468.from_port": "0",
                            "ingress.3544538468.ipv6_cidr_blocks.#": "0",
                            "ingress.3544538468.protocol": "tcp",
                            "ingress.3544538468.security_groups.#": "0",
                            "ingress.3544538468.self": "true",
                            "ingress.3544538468.to_port": "65535",
                            "name": "wordpress_elasticbeanstalk_sg",
                            "owner_id": "542677982550",
                            "tags.%": "4",
                            "tags.Env": "POC",
                            "tags.Function": "Bloggin platform using wordpress",
                            "tags.Name": "wordpress-app-sg",
                            "tags.Team": "Keren",
                            "vpc_id": "vpc-03790464"
                        },
                        "meta": {},
                        "tainted": false
                    },
                    "deposed": [],
                    "provider": ""
                }
            },
            "depends_on": []
        },
        {
            "path": [
                "root",
                "rds"
            ],
            "outputs": {
                "address": {
                    "sensitive": false,
                    "type": "string",
                    "value": "db-id-wordpress-poc.cuoazx9izg8r.eu-west-1.rds.amazonaws.com"
                },
                "db_name": {
                    "sensitive": false,
                    "type": "string",
                    "value": "wordpress"
                },
                "password": {
                    "sensitive": false,
                    "type": "string",
                    "value": "IRSTR0NK"
                },
                "username": {
                    "sensitive": false,
                    "type": "string",
                    "value": "wordpress"
                }
            },
            "resources": {
                "aws_db_instance.wordpress-mysql": {
                    "type": "aws_db_instance",
                    "depends_on": [
                        "aws_db_subnet_group.wordpress",
                        "aws_security_group.wordpress-rds_security_group"
                    ],
                    "primary": {
                        "id": "db-id-wordpress-poc",
                        "attributes": {
                            "address": "db-id-wordpress-poc.cuoazx9izg8r.eu-west-1.rds.amazonaws.com",
                            "allocated_storage": "5",
                            "arn": "arn:aws:rds:eu-west-1:542677982550:db:db-id-wordpress-poc",
                            "auto_minor_version_upgrade": "true",
                            "availability_zone": "eu-west-1b",
                            "backup_retention_period": "0",
                            "backup_window": "04:42-05:12",
                            "copy_tags_to_snapshot": "false",
                            "db_subnet_group_name": "wordpress_db_subnet_grp-poc",
                            "endpoint": "db-id-wordpress-poc.cuoazx9izg8r.eu-west-1.rds.amazonaws.com:3306",
                            "engine": "mysql",
                            "engine_version": "5.6.35",
                            "hosted_zone_id": "Z29XKXDKYMONMX",
                            "iam_database_authentication_enabled": "false",
                            "id": "db-id-wordpress-poc",
                            "identifier": "db-id-wordpress-poc",
                            "instance_class": "db.t2.micro",
                            "iops": "0",
                            "kms_key_id": "",
                            "license_model": "general-public-license",
                            "maintenance_window": "sun:04:07-sun:04:37",
                            "monitoring_interval": "0",
                            "multi_az": "false",
                            "name": "wordpress",
                            "option_group_name": "default:mysql-5-6",
                            "parameter_group_name": "default.mysql5.6",
                            "password": "IRSTR0NK",
                            "port": "3306",
                            "publicly_accessible": "false",
                            "replicas.#": "0",
                            "replicate_source_db": "",
                            "resource_id": "db-3AZYKJHRPINJLFN65KEIDOROHA",
                            "security_group_names.#": "0",
                            "skip_final_snapshot": "false",
                            "status": "available",
                            "storage_encrypted": "false",
                            "storage_type": "standard",
                            "tags.%": "4",
                            "tags.Env": "POC",
                            "tags.Function": "Bloggin platform using wordpress",
                            "tags.Name": "wordpress-db",
                            "tags.Team": "Keren",
                            "timezone": "",
                            "username": "wordpress",
                            "vpc_security_group_ids.#": "1",
                            "vpc_security_group_ids.3015473220": "sg-724f7e0a"
                        },
                        "meta": {},
                        "tainted": false
                    },
                    "deposed": [],
                    "provider": ""
                },
                "aws_db_subnet_group.wordpress": {
                    "type": "aws_db_subnet_group",
                    "depends_on": [],
                    "primary": {
                        "id": "wordpress_db_subnet_grp-poc",
                        "attributes": {
                            "arn": "arn:aws:rds:eu-west-1:542677982550:subgrp:wordpress_db_subnet_grp-poc",
                            "description": "Managed by Terraform",
                            "id": "wordpress_db_subnet_grp-poc",
                            "name": "wordpress_db_subnet_grp-poc",
                            "subnet_ids.#": "3",
                            "subnet_ids.2600052389": "subnet-06c3ab61",
                            "subnet_ids.3249702857": "subnet-11e49758",
                            "subnet_ids.441085134": "subnet-cc60d497",
                            "tags.%": "4",
                            "tags.Env": "POC",
                            "tags.Function": "Bloggin platform using wordpress",
                            "tags.Name": "wordpress DB subnet group",
                            "tags.Team": "Keren"
                        },
                        "meta": {},
                        "tainted": false
                    },
                    "deposed": [],
                    "provider": ""
                },
                "aws_security_group.wordpress-rds_security_group": {
                    "type": "aws_security_group",
                    "depends_on": [],
                    "primary": {
                        "id": "sg-724f7e0a",
                        "attributes": {
                            "description": "Security Group for sg_rds",
                            "egress.#": "1",
                            "egress.482069346.cidr_blocks.#": "1",
                            "egress.482069346.cidr_blocks.0": "0.0.0.0/0",
                            "egress.482069346.from_port": "0",
                            "egress.482069346.ipv6_cidr_blocks.#": "0",
                            "egress.482069346.prefix_list_ids.#": "0",
                            "egress.482069346.protocol": "-1",
                            "egress.482069346.security_groups.#": "0",
                            "egress.482069346.self": "false",
                            "egress.482069346.to_port": "0",
                            "id": "sg-724f7e0a",
                            "ingress.#": "5",
                            "ingress.1163740523.cidr_blocks.#": "1",
                            "ingress.1163740523.cidr_blocks.0": "0.0.0.0/0",
                            "ingress.1163740523.from_port": "3306",
                            "ingress.1163740523.ipv6_cidr_blocks.#": "0",
                            "ingress.1163740523.protocol": "tcp",
                            "ingress.1163740523.security_groups.#": "0",
                            "ingress.1163740523.self": "false",
                            "ingress.1163740523.to_port": "3306",
                            "ingress.1487276173.cidr_blocks.#": "0",
                            "ingress.1487276173.from_port": "22",
                            "ingress.1487276173.ipv6_cidr_blocks.#": "0",
                            "ingress.1487276173.protocol": "tcp",
                            "ingress.1487276173.security_groups.#": "1",
                            "ingress.1487276173.security_groups.2594116812": "sg-904d7ce8",
                            "ingress.1487276173.self": "false",
                            "ingress.1487276173.to_port": "22",
                            "ingress.3472572478.cidr_blocks.#": "0",
                            "ingress.3472572478.from_port": "0",
                            "ingress.3472572478.ipv6_cidr_blocks.#": "0",
                            "ingress.3472572478.protocol": "udp",
                            "ingress.3472572478.security_groups.#": "0",
                            "ingress.3472572478.self": "true",
                            "ingress.3472572478.to_port": "65535",
                            "ingress.3544538468.cidr_blocks.#": "0",
                            "ingress.3544538468.from_port": "0",
                            "ingress.3544538468.ipv6_cidr_blocks.#": "0",
                            "ingress.3544538468.protocol": "tcp",
                            "ingress.3544538468.security_groups.#": "0",
                            "ingress.3544538468.self": "true",
                            "ingress.3544538468.to_port": "65535",
                            "ingress.81635491.cidr_blocks.#": "0",
                            "ingress.81635491.from_port": "0",
                            "ingress.81635491.ipv6_cidr_blocks.#": "0",
                            "ingress.81635491.protocol": "tcp",
                            "ingress.81635491.security_groups.#": "1",
                            "ingress.81635491.security_groups.2317435248": "sg-b54f7ecd",
                            "ingress.81635491.self": "false",
                            "ingress.81635491.to_port": "3306",
                            "name": "sg_rds",
                            "owner_id": "542677982550",
                            "tags.%": "4",
                            "tags.Env": "POC",
                            "tags.Function": "Bloggin platform using wordpress",
                            "tags.Name": "RDS security group",
                            "tags.Team": "Keren",
                            "vpc_id": "vpc-03790464"
                        },
                        "meta": {},
                        "tainted": false
                    },
                    "deposed": [],
                    "provider": ""
                }
            },
            "depends_on": []
        },
        {
            "path": [
                "root",
                "vpc"
            ],
            "outputs": {
                "private_subnets": {
                    "sensitive": false,
                    "type": "string",
                    "value": "subnet-cc60d497,subnet-06c3ab61,subnet-11e49758"
                },
                "vpc_id": {
                    "sensitive": false,
                    "type": "string",
                    "value": "vpc-03790464"
                }
            },
            "resources": {
                "aws_subnet.private.0": {
                    "type": "aws_subnet",
                    "depends_on": [
                        "aws_vpc.wordpress"
                    ],
                    "primary": {
                        "id": "subnet-cc60d497",
                        "attributes": {
                            "assign_ipv6_address_on_creation": "false",
                            "availability_zone": "eu-west-1a",
                            "cidr_block": "10.50.1.0/24",
                            "id": "subnet-cc60d497",
                            "map_public_ip_on_launch": "false",
                            "tags.%": "4",
                            "tags.Env": "POC",
                            "tags.Function": "Bloggin platform using wordpress",
                            "tags.Name": "wordpress-poc-vpc",
                            "tags.Team": "Keren",
                            "vpc_id": "vpc-03790464"
                        },
                        "meta": {
                            "schema_version": "1"
                        },
                        "tainted": false
                    },
                    "deposed": [],
                    "provider": ""
                },
                "aws_subnet.private.1": {
                    "type": "aws_subnet",
                    "depends_on": [
                        "aws_vpc.wordpress"
                    ],
                    "primary": {
                        "id": "subnet-06c3ab61",
                        "attributes": {
                            "assign_ipv6_address_on_creation": "false",
                            "availability_zone": "eu-west-1b",
                            "cidr_block": "10.50.2.0/24",
                            "id": "subnet-06c3ab61",
                            "map_public_ip_on_launch": "false",
                            "tags.%": "4",
                            "tags.Env": "POC",
                            "tags.Function": "Bloggin platform using wordpress",
                            "tags.Name": "wordpress-poc-vpc",
                            "tags.Team": "Keren",
                            "vpc_id": "vpc-03790464"
                        },
                        "meta": {
                            "schema_version": "1"
                        },
                        "tainted": false
                    },
                    "deposed": [],
                    "provider": ""
                },
                "aws_subnet.private.2": {
                    "type": "aws_subnet",
                    "depends_on": [
                        "aws_vpc.wordpress"
                    ],
                    "primary": {
                        "id": "subnet-11e49758",
                        "attributes": {
                            "assign_ipv6_address_on_creation": "false",
                            "availability_zone": "eu-west-1c",
                            "cidr_block": "10.50.3.0/24",
                            "id": "subnet-11e49758",
                            "map_public_ip_on_launch": "false",
                            "tags.%": "4",
                            "tags.Env": "POC",
                            "tags.Function": "Bloggin platform using wordpress",
                            "tags.Name": "wordpress-poc-vpc",
                            "tags.Team": "Keren",
                            "vpc_id": "vpc-03790464"
                        },
                        "meta": {
                            "schema_version": "1"
                        },
                        "tainted": false
                    },
                    "deposed": [],
                    "provider": ""
                },
                "aws_vpc.wordpress": {
                    "type": "aws_vpc",
                    "depends_on": [],
                    "primary": {
                        "id": "vpc-03790464",
                        "attributes": {
                            "assign_generated_ipv6_cidr_block": "false",
                            "cidr_block": "10.50.0.0/16",
                            "default_network_acl_id": "acl-e9e3f48e",
                            "default_route_table_id": "rtb-4c51f72a",
                            "default_security_group_id": "sg-0b4f7e73",
                            "dhcp_options_id": "dopt-e958898c",
                            "enable_classiclink": "false",
                            "enable_dns_hostnames": "true",
                            "enable_dns_support": "true",
                            "id": "vpc-03790464",
                            "instance_tenancy": "default",
                            "main_route_table_id": "rtb-4c51f72a",
                            "tags.%": "4",
                            "tags.Env": "POC",
                            "tags.Function": "Bloggin platform using wordpress",
                            "tags.Name": "wordpress-poc-vpc",
                            "tags.Team": "Keren"
                        },
                        "meta": {
                            "schema_version": "1"
                        },
                        "tainted": false
                    },
                    "deposed": [],
                    "provider": ""
                }
            },
            "depends_on": []
        }
    ]
}
